
Microsoft Visual Studio Solution File, Format Version 12.00
# Visual Studio Version 16
VisualStudioVersion = 16.0.31613.86
MinimumVisualStudioVersion = 10.0.40219.1
Project("{FAE04EC0-301F-11D3-BF4B-00C04F79EFBC}") = "webapp", "webapp\webapp.csproj", "{061AFD8E-2DC1-4BA1-A584-AA66FDFDB3C0}"
EndProject
Global
	GlobalSection(SolutionConfigurationPlatforms) = preSolution
		Debug|Any CPU = Debug|Any CPU
		Release|Any CPU = Release|Any CPU
	EndGlobalSection
	GlobalSection(ProjectConfigurationPlatforms) = postSolution
		{061AFD8E-2DC1-4BA1-A584-AA66FDFDB3C0}.Debug|Any CPU.ActiveCfg = Debug|Any CPU
		{061AFD8E-2DC1-4BA1-A584-AA66FDFDB3C0}.Debug|Any CPU.Build.0 = Debug|Any CPU
		{061AFD8E-2DC1-4BA1-A584-AA66FDFDB3C0}.Release|Any CPU.ActiveCfg = Release|Any CPU
		{061AFD8E-2DC1-4BA1-A584-AA66FDFDB3C0}.Release|Any CPU.Build.0 = Release|Any CPU
	EndGlobalSection
	GlobalSection(SolutionProperties) = preSolution
		HideSolutionNode = FALSE
	EndGlobalSection
	GlobalSection(ExtensibilityGlobals) = postSolution
		SolutionGuid = {FA08A863-0273-4FD0-BEF1-BDF97B07A049}
	EndGlobalSection
EndGlobal
